
Microsoft Visual Studio Solution File, Format Version 12.00
# Visual Studio Version 17
VisualStudioVersion = 17.0.31903.59
MinimumVisualStudioVersion = 10.0.40219.1
Project("{2150E333-8FDC-42A3-9474-1A3956D46DE8}") = "src", "src", "{827E0CD3-B72D-47B6-A68D-7590B98EB39B}"
EndProject
Project("{F2A71F9B-5D33-465A-A702-920D77279786}") = "AgentLang.Core", "src\AgentLang.Core\AgentLang.Core.fsproj", "{022275A9-F42C-411D-9C66-D13B557202EF}"
EndProject
Project("{F2A71F9B-5D33-465A-A702-920D77279786}") = "AgentLang.Cli", "src\AgentLang.Cli\AgentLang.Cli.fsproj", "{2433992E-6C9F-4CC2-BEE3-75737D1DE0B9}"
EndProject
Project("{F2A71F9B-5D33-465A-A702-920D77279786}") = "AgentLang.Acceptance", "tests\AgentLang.Acceptance\AgentLang.Acceptance.fsproj", "{3A193A2D-4712-47AF-84E0-BDF6E5C6DD7F}"
EndProject
Project("{2150E333-8FDC-42A3-9474-1A3956D46DE8}") = "experiments", "experiments", "{8E1D1CCC-9289-C849-48CA-D7E099D02B6F}"
EndProject
Project("{F2A71F9B-5D33-465A-A702-920D77279786}") = "AgentLang.Benchmarks", "experiments\AgentLang.Benchmarks\AgentLang.Benchmarks.fsproj", "{EFA0830D-E63D-4B2E-AA84-62EDDA17A1A7}"
EndProject
Project("{F2A71F9B-5D33-465A-A702-920D77279786}") = "AgentLang.Business", "experiments\AgentLang.Business\AgentLang.Business.fsproj", "{B1F212D9-346D-4ACD-917A-488B33F0ADEA}"
EndProject
Project("{2150E333-8FDC-42A3-9474-1A3956D46DE8}") = "tests", "tests", "{0AB3BF05-4346-4AA6-1389-037BE0695223}"
EndProject
Project("{F2A71F9B-5D33-465A-A702-920D77279786}") = "AgentLang.Harness.Tests", "tests\AgentLang.Harness.Tests\AgentLang.Harness.Tests.fsproj", "{744EAA87-CC83-4692-8058-2379162F9234}"
EndProject
Project("{F2A71F9B-5D33-465A-A702-920D77279786}") = "AgentLang.Business.Tests", "tests\AgentLang.Business.Tests\AgentLang.Business.Tests.fsproj", "{3D402A88-9DF6-46F9-8A3F-EF3C163F6AD0}"
EndProject
Project("{F2A71F9B-5D33-465A-A702-920D77279786}") = "AgentLang.Conventional", "experiments\AgentLang.Conventional\AgentLang.Conventional.fsproj", "{A395F217-ABD9-45FE-9210-5585BAAA8021}"
EndProject
Project("{F2A71F9B-5D33-465A-A702-920D77279786}") = "AgentLang.Conventional.Tests", "tests\AgentLang.Conventional.Tests\AgentLang.Conventional.Tests.fsproj", "{A7219BA5-5007-4B4F-856C-9ED4B81F91D4}"
EndProject
Project("{F2A71F9B-5D33-465A-A702-920D77279786}") = "AgentLang.Source.Tests", "tests\AgentLang.Source.Tests\AgentLang.Source.Tests.fsproj", "{EDD3BC18-E92E-40D2-B381-AAE9240A556C}"
EndProject
Project("{F2A71F9B-5D33-465A-A702-920D77279786}") = "AgentLang.Storage.Tests", "tests\AgentLang.Storage.Tests\AgentLang.Storage.Tests.fsproj", "{F2D8B2DD-1A60-4E90-B644-F4E2BBFEEB79}"
EndProject
Project("{F2A71F9B-5D33-465A-A702-920D77279786}") = "AgentLang.Discovery.Tests", "tests\AgentLang.Discovery.Tests\AgentLang.Discovery.Tests.fsproj", "{927C845C-DD65-473A-9E88-C56EB1D40969}"
EndProject
Project("{F2A71F9B-5D33-465A-A702-920D77279786}") = "AgentLang.IR.Tests", "tests\AgentLang.IR.Tests\AgentLang.IR.Tests.fsproj", "{EFFD6C13-2D45-4A9F-BF77-B6E01EA2ECBB}"
EndProject
Project("{F2A71F9B-5D33-465A-A702-920D77279786}") = "AgentLang.Vocabulary.Tests", "tests\AgentLang.Vocabulary.Tests\AgentLang.Vocabulary.Tests.fsproj", "{9AE32E83-3E49-4927-85EB-41A76A05A90A}"
EndProject
Project("{F2A71F9B-5D33-465A-A702-920D77279786}") = "AgentLang.IR.Formatting.Tests", "tests\AgentLang.IR.Formatting.Tests\AgentLang.IR.Formatting.Tests.fsproj", "{53770AF4-CE75-45A5-A3EC-2617F133A1F1}"
EndProject
Project("{F2A71F9B-5D33-465A-A702-920D77279786}") = "AgentLang.IR.Interpreter.Tests", "tests\AgentLang.IR.Interpreter.Tests\AgentLang.IR.Interpreter.Tests.fsproj", "{461B909A-A900-4B90-9E2E-048F9D2C50DC}"
EndProject
Project("{F2A71F9B-5D33-465A-A702-920D77279786}") = "AgentLang.TaskBank.Tests", "tests\AgentLang.TaskBank.Tests\AgentLang.TaskBank.Tests.fsproj", "{AE04CB1A-42D2-41EB-AC97-19D5A6993E86}"
EndProject
Project("{F2A71F9B-5D33-465A-A702-920D77279786}") = "AgentLang.Business.Contracts", "experiments\AgentLang.Business.Contracts\AgentLang.Business.Contracts.fsproj", "{2F1D67C2-F231-4A2D-9EC5-97D713395D4F}"
EndProject
Project("{F2A71F9B-5D33-465A-A702-920D77279786}") = "AgentLang.Business.Contracts.Tests", "tests\AgentLang.Business.Contracts.Tests\AgentLang.Business.Contracts.Tests.fsproj", "{54F839A0-160A-4BEC-9013-B14D0E84B072}"
EndProject
Project("{F2A71F9B-5D33-465A-A702-920D77279786}") = "AgentLang.ValueInspection.Tests", "tests\AgentLang.ValueInspection.Tests\AgentLang.ValueInspection.Tests.fsproj", "{AF050066-0DE9-4232-99C2-09DEC5354689}"
EndProject
Project("{F2A71F9B-5D33-465A-A702-920D77279786}") = "AgentLang.Conventional.Cli", "experiments\AgentLang.Conventional.Cli\AgentLang.Conventional.Cli.fsproj", "{E3B8D9FA-8102-44F1-B354-42AC6C30C4D4}"
EndProject
Project("{F2A71F9B-5D33-465A-A702-920D77279786}") = "MatchedRenewal", "experiments\AgentLang.SubagentTrials\matched-renewal-001\fixtures\conventional\MatchedRenewal.fsproj", "{19E78B54-09BC-451F-AB34-540886452640}"
EndProject
Project("{F2A71F9B-5D33-465A-A702-920D77279786}") = "AgentLang.Conventional.Cli.Tests", "tests\AgentLang.Conventional.Cli.Tests\AgentLang.Conventional.Cli.Tests.fsproj", "{3F471801-5486-4695-8FC6-BA5B6FE035E6}"
EndProject
Project("{F2A71F9B-5D33-465A-A702-920D77279786}") = "AgentLang.Flow.Tests", "tests\AgentLang.Flow.Tests\AgentLang.Flow.Tests.fsproj", "{0BE37DDA-6F29-4C66-BC91-9BA2F72BB4A8}"
EndProject
Project("{F2A71F9B-5D33-465A-A702-920D77279786}") = "AgentLang.Flow.Lint.Tests", "tests\AgentLang.Flow.Lint.Tests\AgentLang.Flow.Lint.Tests.fsproj", "{33A928CF-56DB-44CD-B6CE-DB7E3A3207A7}"
EndProject
Project("{F2A71F9B-5D33-465A-A702-920D77279786}") = "AgentLang.Flow.Runtime.Tests", "tests\AgentLang.Flow.Runtime.Tests\AgentLang.Flow.Runtime.Tests.fsproj", "{7D08615D-4F80-4868-89CF-07B7CA8C2B30}"
EndProject
Project("{F2A71F9B-5D33-465A-A702-920D77279786}") = "AgentLang.Cli.Tests", "tests\AgentLang.Cli.Tests\AgentLang.Cli.Tests.fsproj", "{50B926D7-C9D4-46CA-94D2-41C32E0C003C}"
EndProject
Project("{F2A71F9B-5D33-465A-A702-920D77279786}") = "MatchedRenewal.Flow", "experiments\AgentLang.SubagentTrials\matched-renewal-001\fixtures\flow\conventional\MatchedRenewal.Flow.fsproj", "{B4B965D5-0515-4755-B00F-7C9E603A0C15}"
EndProject
Global
	GlobalSection(SolutionConfigurationPlatforms) = preSolution
		Debug|Any CPU = Debug|Any CPU
		Debug|x64 = Debug|x64
		Debug|x86 = Debug|x86
		Release|Any CPU = Release|Any CPU
		Release|x64 = Release|x64
		Release|x86 = Release|x86
	EndGlobalSection
	GlobalSection(ProjectConfigurationPlatforms) = postSolution
		{022275A9-F42C-411D-9C66-D13B557202EF}.Debug|Any CPU.ActiveCfg = Debug|Any CPU
		{022275A9-F42C-411D-9C66-D13B557202EF}.Debug|Any CPU.Build.0 = Debug|Any CPU
		{022275A9-F42C-411D-9C66-D13B557202EF}.Debug|x64.ActiveCfg = Debug|Any CPU
		{022275A9-F42C-411D-9C66-D13B557202EF}.Debug|x64.Build.0 = Debug|Any CPU
		{022275A9-F42C-411D-9C66-D13B557202EF}.Debug|x86.ActiveCfg = Debug|Any CPU
		{022275A9-F42C-411D-9C66-D13B557202EF}.Debug|x86.Build.0 = Debug|Any CPU
		{022275A9-F42C-411D-9C66-D13B557202EF}.Release|Any CPU.ActiveCfg = Release|Any CPU
		{022275A9-F42C-411D-9C66-D13B557202EF}.Release|Any CPU.Build.0 = Release|Any CPU
		{022275A9-F42C-411D-9C66-D13B557202EF}.Release|x64.ActiveCfg = Release|Any CPU
		{022275A9-F42C-411D-9C66-D13B557202EF}.Release|x64.Build.0 = Release|Any CPU
		{022275A9-F42C-411D-9C66-D13B557202EF}.Release|x86.ActiveCfg = Release|Any CPU
		{022275A9-F42C-411D-9C66-D13B557202EF}.Release|x86.Build.0 = Release|Any CPU
		{2433992E-6C9F-4CC2-BEE3-75737D1DE0B9}.Debug|Any CPU.ActiveCfg = Debug|Any CPU
		{2433992E-6C9F-4CC2-BEE3-75737D1DE0B9}.Debug|Any CPU.Build.0 = Debug|Any CPU
		{2433992E-6C9F-4CC2-BEE3-75737D1DE0B9}.Debug|x64.ActiveCfg = Debug|Any CPU
		{2433992E-6C9F-4CC2-BEE3-75737D1DE0B9}.Debug|x64.Build.0 = Debug|Any CPU
		{2433992E-6C9F-4CC2-BEE3-75737D1DE0B9}.Debug|x86.ActiveCfg = Debug|Any CPU
		{2433992E-6C9F-4CC2-BEE3-75737D1DE0B9}.Debug|x86.Build.0 = Debug|Any CPU
		{2433992E-6C9F-4CC2-BEE3-75737D1DE0B9}.Release|Any CPU.ActiveCfg = Release|Any CPU
		{2433992E-6C9F-4CC2-BEE3-75737D1DE0B9}.Release|Any CPU.Build.0 = Release|Any CPU
		{2433992E-6C9F-4CC2-BEE3-75737D1DE0B9}.Release|x64.ActiveCfg = Release|Any CPU
		{2433992E-6C9F-4CC2-BEE3-75737D1DE0B9}.Release|x64.Build.0 = Release|Any CPU
		{2433992E-6C9F-4CC2-BEE3-75737D1DE0B9}.Release|x86.ActiveCfg = Release|Any CPU
		{2433992E-6C9F-4CC2-BEE3-75737D1DE0B9}.Release|x86.Build.0 = Release|Any CPU
		{3A193A2D-4712-47AF-84E0-BDF6E5C6DD7F}.Debug|Any CPU.ActiveCfg = Debug|Any CPU
		{3A193A2D-4712-47AF-84E0-BDF6E5C6DD7F}.Debug|Any CPU.Build.0 = Debug|Any CPU
		{3A193A2D-4712-47AF-84E0-BDF6E5C6DD7F}.Debug|x64.ActiveCfg = Debug|Any CPU
		{3A193A2D-4712-47AF-84E0-BDF6E5C6DD7F}.Debug|x64.Build.0 = Debug|Any CPU
		{3A193A2D-4712-47AF-84E0-BDF6E5C6DD7F}.Debug|x86.ActiveCfg = Debug|Any CPU
		{3A193A2D-4712-47AF-84E0-BDF6E5C6DD7F}.Debug|x86.Build.0 = Debug|Any CPU
		{3A193A2D-4712-47AF-84E0-BDF6E5C6DD7F}.Release|Any CPU.ActiveCfg = Release|Any CPU
		{3A193A2D-4712-47AF-84E0-BDF6E5C6DD7F}.Release|Any CPU.Build.0 = Release|Any CPU
		{3A193A2D-4712-47AF-84E0-BDF6E5C6DD7F}.Release|x64.ActiveCfg = Release|Any CPU
		{3A193A2D-4712-47AF-84E0-BDF6E5C6DD7F}.Release|x64.Build.0 = Release|Any CPU
		{3A193A2D-4712-47AF-84E0-BDF6E5C6DD7F}.Release|x86.ActiveCfg = Release|Any CPU
		{3A193A2D-4712-47AF-84E0-BDF6E5C6DD7F}.Release|x86.Build.0 = Release|Any CPU
		{EFA0830D-E63D-4B2E-AA84-62EDDA17A1A7}.Debug|Any CPU.ActiveCfg = Debug|Any CPU
		{EFA0830D-E63D-4B2E-AA84-62EDDA17A1A7}.Debug|Any CPU.Build.0 = Debug|Any CPU
		{EFA0830D-E63D-4B2E-AA84-62EDDA17A1A7}.Debug|x64.ActiveCfg = Debug|Any CPU
		{EFA0830D-E63D-4B2E-AA84-62EDDA17A1A7}.Debug|x64.Build.0 = Debug|Any CPU
		{EFA0830D-E63D-4B2E-AA84-62EDDA17A1A7}.Debug|x86.ActiveCfg = Debug|Any CPU
		{EFA0830D-E63D-4B2E-AA84-62EDDA17A1A7}.Debug|x86.Build.0 = Debug|Any CPU
		{EFA0830D-E63D-4B2E-AA84-62EDDA17A1A7}.Release|Any CPU.ActiveCfg = Release|Any CPU
		{EFA0830D-E63D-4B2E-AA84-62EDDA17A1A7}.Release|Any CPU.Build.0 = Release|Any CPU
		{EFA0830D-E63D-4B2E-AA84-62EDDA17A1A7}.Release|x64.ActiveCfg = Release|Any CPU
		{EFA0830D-E63D-4B2E-AA84-62EDDA17A1A7}.Release|x64.Build.0 = Release|Any CPU
		{EFA0830D-E63D-4B2E-AA84-62EDDA17A1A7}.Release|x86.ActiveCfg = Release|Any CPU
		{EFA0830D-E63D-4B2E-AA84-62EDDA17A1A7}.Release|x86.Build.0 = Release|Any CPU
		{B1F212D9-346D-4ACD-917A-488B33F0ADEA}.Debug|Any CPU.ActiveCfg = Debug|Any CPU
		{B1F212D9-346D-4ACD-917A-488B33F0ADEA}.Debug|Any CPU.Build.0 = Debug|Any CPU
		{B1F212D9-346D-4ACD-917A-488B33F0ADEA}.Debug|x64.ActiveCfg = Debug|Any CPU
		{B1F212D9-346D-4ACD-917A-488B33F0ADEA}.Debug|x64.Build.0 = Debug|Any CPU
		{B1F212D9-346D-4ACD-917A-488B33F0ADEA}.Debug|x86.ActiveCfg = Debug|Any CPU
		{B1F212D9-346D-4ACD-917A-488B33F0ADEA}.Debug|x86.Build.0 = Debug|Any CPU
		{B1F212D9-346D-4ACD-917A-488B33F0ADEA}.Release|Any CPU.ActiveCfg = Release|Any CPU
		{B1F212D9-346D-4ACD-917A-488B33F0ADEA}.Release|Any CPU.Build.0 = Release|Any CPU
		{B1F212D9-346D-4ACD-917A-488B33F0ADEA}.Release|x64.ActiveCfg = Release|Any CPU
		{B1F212D9-346D-4ACD-917A-488B33F0ADEA}.Release|x64.Build.0 = Release|Any CPU
		{B1F212D9-346D-4ACD-917A-488B33F0ADEA}.Release|x86.ActiveCfg = Release|Any CPU
		{B1F212D9-346D-4ACD-917A-488B33F0ADEA}.Release|x86.Build.0 = Release|Any CPU
		{744EAA87-CC83-4692-8058-2379162F9234}.Debug|Any CPU.ActiveCfg = Debug|Any CPU
		{744EAA87-CC83-4692-8058-2379162F9234}.Debug|Any CPU.Build.0 = Debug|Any CPU
		{744EAA87-CC83-4692-8058-2379162F9234}.Debug|x64.ActiveCfg = Debug|Any CPU
		{744EAA87-CC83-4692-8058-2379162F9234}.Debug|x64.Build.0 = Debug|Any CPU
		{744EAA87-CC83-4692-8058-2379162F9234}.Debug|x86.ActiveCfg = Debug|Any CPU
		{744EAA87-CC83-4692-8058-2379162F9234}.Debug|x86.Build.0 = Debug|Any CPU
		{744EAA87-CC83-4692-8058-2379162F9234}.Release|Any CPU.ActiveCfg = Release|Any CPU
		{744EAA87-CC83-4692-8058-2379162F9234}.Release|Any CPU.Build.0 = Release|Any CPU
		{744EAA87-CC83-4692-8058-2379162F9234}.Release|x64.ActiveCfg = Release|Any CPU
		{744EAA87-CC83-4692-8058-2379162F9234}.Release|x64.Build.0 = Release|Any CPU
		{744EAA87-CC83-4692-8058-2379162F9234}.Release|x86.ActiveCfg = Release|Any CPU
		{744EAA87-CC83-4692-8058-2379162F9234}.Release|x86.Build.0 = Release|Any CPU
		{3D402A88-9DF6-46F9-8A3F-EF3C163F6AD0}.Debug|Any CPU.ActiveCfg = Debug|Any CPU
		{3D402A88-9DF6-46F9-8A3F-EF3C163F6AD0}.Debug|Any CPU.Build.0 = Debug|Any CPU
		{3D402A88-9DF6-46F9-8A3F-EF3C163F6AD0}.Debug|x64.ActiveCfg = Debug|Any CPU
		{3D402A88-9DF6-46F9-8A3F-EF3C163F6AD0}.Debug|x64.Build.0 = Debug|Any CPU
		{3D402A88-9DF6-46F9-8A3F-EF3C163F6AD0}.Debug|x86.ActiveCfg = Debug|Any CPU
		{3D402A88-9DF6-46F9-8A3F-EF3C163F6AD0}.Debug|x86.Build.0 = Debug|Any CPU
		{3D402A88-9DF6-46F9-8A3F-EF3C163F6AD0}.Release|Any CPU.ActiveCfg = Release|Any CPU
		{3D402A88-9DF6-46F9-8A3F-EF3C163F6AD0}.Release|Any CPU.Build.0 = Release|Any CPU
		{3D402A88-9DF6-46F9-8A3F-EF3C163F6AD0}.Release|x64.ActiveCfg = Release|Any CPU
		{3D402A88-9DF6-46F9-8A3F-EF3C163F6AD0}.Release|x64.Build.0 = Release|Any CPU
		{3D402A88-9DF6-46F9-8A3F-EF3C163F6AD0}.Release|x86.ActiveCfg = Release|Any CPU
		{3D402A88-9DF6-46F9-8A3F-EF3C163F6AD0}.Release|x86.Build.0 = Release|Any CPU
		{A395F217-ABD9-45FE-9210-5585BAAA8021}.Debug|Any CPU.ActiveCfg = Debug|Any CPU
		{A395F217-ABD9-45FE-9210-5585BAAA8021}.Debug|Any CPU.Build.0 = Debug|Any CPU
		{A395F217-ABD9-45FE-9210-5585BAAA8021}.Debug|x64.ActiveCfg = Debug|Any CPU
		{A395F217-ABD9-45FE-9210-5585BAAA8021}.Debug|x64.Build.0 = Debug|Any CPU
		{A395F217-ABD9-45FE-9210-5585BAAA8021}.Debug|x86.ActiveCfg = Debug|Any CPU
		{A395F217-ABD9-45FE-9210-5585BAAA8021}.Debug|x86.Build.0 = Debug|Any CPU
		{A395F217-ABD9-45FE-9210-5585BAAA8021}.Release|Any CPU.ActiveCfg = Release|Any CPU
		{A395F217-ABD9-45FE-9210-5585BAAA8021}.Release|Any CPU.Build.0 = Release|Any CPU
		{A395F217-ABD9-45FE-9210-5585BAAA8021}.Release|x64.ActiveCfg = Release|Any CPU
		{A395F217-ABD9-45FE-9210-5585BAAA8021}.Release|x64.Build.0 = Release|Any CPU
		{A395F217-ABD9-45FE-9210-5585BAAA8021}.Release|x86.ActiveCfg = Release|Any CPU
		{A395F217-ABD9-45FE-9210-5585BAAA8021}.Release|x86.Build.0 = Release|Any CPU
		{A7219BA5-5007-4B4F-856C-9ED4B81F91D4}.Debug|Any CPU.ActiveCfg = Debug|Any CPU
		{A7219BA5-5007-4B4F-856C-9ED4B81F91D4}.Debug|Any CPU.Build.0 = Debug|Any CPU
		{A7219BA5-5007-4B4F-856C-9ED4B81F91D4}.Debug|x64.ActiveCfg = Debug|Any CPU
		{A7219BA5-5007-4B4F-856C-9ED4B81F91D4}.Debug|x64.Build.0 = Debug|Any CPU
		{A7219BA5-5007-4B4F-856C-9ED4B81F91D4}.Debug|x86.ActiveCfg = Debug|Any CPU
		{A7219BA5-5007-4B4F-856C-9ED4B81F91D4}.Debug|x86.Build.0 = Debug|Any CPU
		{A7219BA5-5007-4B4F-856C-9ED4B81F91D4}.Release|Any CPU.ActiveCfg = Release|Any CPU
		{A7219BA5-5007-4B4F-856C-9ED4B81F91D4}.Release|Any CPU.Build.0 = Release|Any CPU
		{A7219BA5-5007-4B4F-856C-9ED4B81F91D4}.Release|x64.ActiveCfg = Release|Any CPU
		{A7219BA5-5007-4B4F-856C-9ED4B81F91D4}.Release|x64.Build.0 = Release|Any CPU
		{A7219BA5-5007-4B4F-856C-9ED4B81F91D4}.Release|x86.ActiveCfg = Release|Any CPU
		{A7219BA5-5007-4B4F-856C-9ED4B81F91D4}.Release|x86.Build.0 = Release|Any CPU
		{EDD3BC18-E92E-40D2-B381-AAE9240A556C}.Debug|Any CPU.ActiveCfg = Debug|Any CPU
		{EDD3BC18-E92E-40D2-B381-AAE9240A556C}.Debug|Any CPU.Build.0 = Debug|Any CPU
		{EDD3BC18-E92E-40D2-B381-AAE9240A556C}.Debug|x64.ActiveCfg = Debug|Any CPU
		{EDD3BC18-E92E-40D2-B381-AAE9240A556C}.Debug|x64.Build.0 = Debug|Any CPU
		{EDD3BC18-E92E-40D2-B381-AAE9240A556C}.Debug|x86.ActiveCfg = Debug|Any CPU
		{EDD3BC18-E92E-40D2-B381-AAE9240A556C}.Debug|x86.Build.0 = Debug|Any CPU
		{EDD3BC18-E92E-40D2-B381-AAE9240A556C}.Release|Any CPU.ActiveCfg = Release|Any CPU
		{EDD3BC18-E92E-40D2-B381-AAE9240A556C}.Release|Any CPU.Build.0 = Release|Any CPU
		{EDD3BC18-E92E-40D2-B381-AAE9240A556C}.Release|x64.ActiveCfg = Release|Any CPU
		{EDD3BC18-E92E-40D2-B381-AAE9240A556C}.Release|x64.Build.0 = Release|Any CPU
		{EDD3BC18-E92E-40D2-B381-AAE9240A556C}.Release|x86.ActiveCfg = Release|Any CPU
		{EDD3BC18-E92E-40D2-B381-AAE9240A556C}.Release|x86.Build.0 = Release|Any CPU
		{F2D8B2DD-1A60-4E90-B644-F4E2BBFEEB79}.Debug|Any CPU.ActiveCfg = Debug|Any CPU
		{F2D8B2DD-1A60-4E90-B644-F4E2BBFEEB79}.Debug|Any CPU.Build.0 = Debug|Any CPU
		{F2D8B2DD-1A60-4E90-B644-F4E2BBFEEB79}.Debug|x64.ActiveCfg = Debug|Any CPU
		{F2D8B2DD-1A60-4E90-B644-F4E2BBFEEB79}.Debug|x64.Build.0 = Debug|Any CPU
		{F2D8B2DD-1A60-4E90-B644-F4E2BBFEEB79}.Debug|x86.ActiveCfg = Debug|Any CPU
		{F2D8B2DD-1A60-4E90-B644-F4E2BBFEEB79}.Debug|x86.Build.0 = Debug|Any CPU
		{F2D8B2DD-1A60-4E90-B644-F4E2BBFEEB79}.Release|Any CPU.ActiveCfg = Release|Any CPU
		{F2D8B2DD-1A60-4E90-B644-F4E2BBFEEB79}.Release|Any CPU.Build.0 = Release|Any CPU
		{F2D8B2DD-1A60-4E90-B644-F4E2BBFEEB79}.Release|x64.ActiveCfg = Release|Any CPU
		{F2D8B2DD-1A60-4E90-B644-F4E2BBFEEB79}.Release|x64.Build.0 = Release|Any CPU
		{F2D8B2DD-1A60-4E90-B644-F4E2BBFEEB79}.Release|x86.ActiveCfg = Release|Any CPU
		{F2D8B2DD-1A60-4E90-B644-F4E2BBFEEB79}.Release|x86.Build.0 = Release|Any CPU
		{927C845C-DD65-473A-9E88-C56EB1D40969}.Debug|Any CPU.ActiveCfg = Debug|Any CPU
		{927C845C-DD65-473A-9E88-C56EB1D40969}.Debug|Any CPU.Build.0 = Debug|Any CPU
		{927C845C-DD65-473A-9E88-C56EB1D40969}.Debug|x64.ActiveCfg = Debug|Any CPU
		{927C845C-DD65-473A-9E88-C56EB1D40969}.Debug|x64.Build.0 = Debug|Any CPU
		{927C845C-DD65-473A-9E88-C56EB1D40969}.Debug|x86.ActiveCfg = Debug|Any CPU
		{927C845C-DD65-473A-9E88-C56EB1D40969}.Debug|x86.Build.0 = Debug|Any CPU
		{927C845C-DD65-473A-9E88-C56EB1D40969}.Release|Any CPU.ActiveCfg = Release|Any CPU
		{927C845C-DD65-473A-9E88-C56EB1D40969}.Release|Any CPU.Build.0 = Release|Any CPU
		{927C845C-DD65-473A-9E88-C56EB1D40969}.Release|x64.ActiveCfg = Release|Any CPU
		{927C845C-DD65-473A-9E88-C56EB1D40969}.Release|x64.Build.0 = Release|Any CPU
		{927C845C-DD65-473A-9E88-C56EB1D40969}.Release|x86.ActiveCfg = Release|Any CPU
		{927C845C-DD65-473A-9E88-C56EB1D40969}.Release|x86.Build.0 = Release|Any CPU
		{EFFD6C13-2D45-4A9F-BF77-B6E01EA2ECBB}.Debug|Any CPU.ActiveCfg = Debug|Any CPU
		{EFFD6C13-2D45-4A9F-BF77-B6E01EA2ECBB}.Debug|Any CPU.Build.0 = Debug|Any CPU
		{EFFD6C13-2D45-4A9F-BF77-B6E01EA2ECBB}.Debug|x64.ActiveCfg = Debug|Any CPU
		{EFFD6C13-2D45-4A9F-BF77-B6E01EA2ECBB}.Debug|x64.Build.0 = Debug|Any CPU
		{EFFD6C13-2D45-4A9F-BF77-B6E01EA2ECBB}.Debug|x86.ActiveCfg = Debug|Any CPU
		{EFFD6C13-2D45-4A9F-BF77-B6E01EA2ECBB}.Debug|x86.Build.0 = Debug|Any CPU
		{EFFD6C13-2D45-4A9F-BF77-B6E01EA2ECBB}.Release|Any CPU.ActiveCfg = Release|Any CPU
		{EFFD6C13-2D45-4A9F-BF77-B6E01EA2ECBB}.Release|Any CPU.Build.0 = Release|Any CPU
		{EFFD6C13-2D45-4A9F-BF77-B6E01EA2ECBB}.Release|x64.ActiveCfg = Release|Any CPU
		{EFFD6C13-2D45-4A9F-BF77-B6E01EA2ECBB}.Release|x64.Build.0 = Release|Any CPU
		{EFFD6C13-2D45-4A9F-BF77-B6E01EA2ECBB}.Release|x86.ActiveCfg = Release|Any CPU
		{EFFD6C13-2D45-4A9F-BF77-B6E01EA2ECBB}.Release|x86.Build.0 = Release|Any CPU
		{9AE32E83-3E49-4927-85EB-41A76A05A90A}.Debug|Any CPU.ActiveCfg = Debug|Any CPU
		{9AE32E83-3E49-4927-85EB-41A76A05A90A}.Debug|Any CPU.Build.0 = Debug|Any CPU
		{9AE32E83-3E49-4927-85EB-41A76A05A90A}.Debug|x64.ActiveCfg = Debug|Any CPU
		{9AE32E83-3E49-4927-85EB-41A76A05A90A}.Debug|x64.Build.0 = Debug|Any CPU
		{9AE32E83-3E49-4927-85EB-41A76A05A90A}.Debug|x86.ActiveCfg = Debug|Any CPU
		{9AE32E83-3E49-4927-85EB-41A76A05A90A}.Debug|x86.Build.0 = Debug|Any CPU
		{9AE32E83-3E49-4927-85EB-41A76A05A90A}.Release|Any CPU.ActiveCfg = Release|Any CPU
		{9AE32E83-3E49-4927-85EB-41A76A05A90A}.Release|Any CPU.Build.0 = Release|Any CPU
		{9AE32E83-3E49-4927-85EB-41A76A05A90A}.Release|x64.ActiveCfg = Release|Any CPU
		{9AE32E83-3E49-4927-85EB-41A76A05A90A}.Release|x64.Build.0 = Release|Any CPU
		{9AE32E83-3E49-4927-85EB-41A76A05A90A}.Release|x86.ActiveCfg = Release|Any CPU
		{9AE32E83-3E49-4927-85EB-41A76A05A90A}.Release|x86.Build.0 = Release|Any CPU
		{53770AF4-CE75-45A5-A3EC-2617F133A1F1}.Debug|Any CPU.ActiveCfg = Debug|Any CPU
		{53770AF4-CE75-45A5-A3EC-2617F133A1F1}.Debug|Any CPU.Build.0 = Debug|Any CPU
		{53770AF4-CE75-45A5-A3EC-2617F133A1F1}.Debug|x64.ActiveCfg = Debug|Any CPU
		{53770AF4-CE75-45A5-A3EC-2617F133A1F1}.Debug|x64.Build.0 = Debug|Any CPU
		{53770AF4-CE75-45A5-A3EC-2617F133A1F1}.Debug|x86.ActiveCfg = Debug|Any CPU
		{53770AF4-CE75-45A5-A3EC-2617F133A1F1}.Debug|x86.Build.0 = Debug|Any CPU
		{53770AF4-CE75-45A5-A3EC-2617F133A1F1}.Release|Any CPU.ActiveCfg = Release|Any CPU
		{53770AF4-CE75-45A5-A3EC-2617F133A1F1}.Release|Any CPU.Build.0 = Release|Any CPU
		{53770AF4-CE75-45A5-A3EC-2617F133A1F1}.Release|x64.ActiveCfg = Release|Any CPU
		{53770AF4-CE75-45A5-A3EC-2617F133A1F1}.Release|x64.Build.0 = Release|Any CPU
		{53770AF4-CE75-45A5-A3EC-2617F133A1F1}.Release|x86.ActiveCfg = Release|Any CPU
		{53770AF4-CE75-45A5-A3EC-2617F133A1F1}.Release|x86.Build.0 = Release|Any CPU
		{461B909A-A900-4B90-9E2E-048F9D2C50DC}.Debug|Any CPU.ActiveCfg = Debug|Any CPU
		{461B909A-A900-4B90-9E2E-048F9D2C50DC}.Debug|Any CPU.Build.0 = Debug|Any CPU
		{461B909A-A900-4B90-9E2E-048F9D2C50DC}.Debug|x64.ActiveCfg = Debug|Any CPU
		{461B909A-A900-4B90-9E2E-048F9D2C50DC}.Debug|x64.Build.0 = Debug|Any CPU
		{461B909A-A900-4B90-9E2E-048F9D2C50DC}.Debug|x86.ActiveCfg = Debug|Any CPU
		{461B909A-A900-4B90-9E2E-048F9D2C50DC}.Debug|x86.Build.0 = Debug|Any CPU
		{461B909A-A900-4B90-9E2E-048F9D2C50DC}.Release|Any CPU.ActiveCfg = Release|Any CPU
		{461B909A-A900-4B90-9E2E-048F9D2C50DC}.Release|Any CPU.Build.0 = Release|Any CPU
		{461B909A-A900-4B90-9E2E-048F9D2C50DC}.Release|x64.ActiveCfg = Release|Any CPU
		{461B909A-A900-4B90-9E2E-048F9D2C50DC}.Release|x64.Build.0 = Release|Any CPU
		{461B909A-A900-4B90-9E2E-048F9D2C50DC}.Release|x86.ActiveCfg = Release|Any CPU
		{461B909A-A900-4B90-9E2E-048F9D2C50DC}.Release|x86.Build.0 = Release|Any CPU
		{AE04CB1A-42D2-41EB-AC97-19D5A6993E86}.Debug|Any CPU.ActiveCfg = Debug|Any CPU
		{AE04CB1A-42D2-41EB-AC97-19D5A6993E86}.Debug|Any CPU.Build.0 = Debug|Any CPU
		{AE04CB1A-42D2-41EB-AC97-19D5A6993E86}.Debug|x64.ActiveCfg = Debug|Any CPU
		{AE04CB1A-42D2-41EB-AC97-19D5A6993E86}.Debug|x64.Build.0 = Debug|Any CPU
		{AE04CB1A-42D2-41EB-AC97-19D5A6993E86}.Debug|x86.ActiveCfg = Debug|Any CPU
		{AE04CB1A-42D2-41EB-AC97-19D5A6993E86}.Debug|x86.Build.0 = Debug|Any CPU
		{AE04CB1A-42D2-41EB-AC97-19D5A6993E86}.Release|Any CPU.ActiveCfg = Release|Any CPU
		{AE04CB1A-42D2-41EB-AC97-19D5A6993E86}.Release|Any CPU.Build.0 = Release|Any CPU
		{AE04CB1A-42D2-41EB-AC97-19D5A6993E86}.Release|x64.ActiveCfg = Release|Any CPU
		{AE04CB1A-42D2-41EB-AC97-19D5A6993E86}.Release|x64.Build.0 = Release|Any CPU
		{AE04CB1A-42D2-41EB-AC97-19D5A6993E86}.Release|x86.ActiveCfg = Release|Any CPU
		{AE04CB1A-42D2-41EB-AC97-19D5A6993E86}.Release|x86.Build.0 = Release|Any CPU
		{2F1D67C2-F231-4A2D-9EC5-97D713395D4F}.Debug|Any CPU.ActiveCfg = Debug|Any CPU
		{2F1D67C2-F231-4A2D-9EC5-97D713395D4F}.Debug|Any CPU.Build.0 = Debug|Any CPU
		{2F1D67C2-F231-4A2D-9EC5-97D713395D4F}.Debug|x64.ActiveCfg = Debug|Any CPU
		{2F1D67C2-F231-4A2D-9EC5-97D713395D4F}.Debug|x64.Build.0 = Debug|Any CPU
		{2F1D67C2-F231-4A2D-9EC5-97D713395D4F}.Debug|x86.ActiveCfg = Debug|Any CPU
		{2F1D67C2-F231-4A2D-9EC5-97D713395D4F}.Debug|x86.Build.0 = Debug|Any CPU
		{2F1D67C2-F231-4A2D-9EC5-97D713395D4F}.Release|Any CPU.ActiveCfg = Release|Any CPU
		{2F1D67C2-F231-4A2D-9EC5-97D713395D4F}.Release|Any CPU.Build.0 = Release|Any CPU
		{2F1D67C2-F231-4A2D-9EC5-97D713395D4F}.Release|x64.ActiveCfg = Release|Any CPU
		{2F1D67C2-F231-4A2D-9EC5-97D713395D4F}.Release|x64.Build.0 = Release|Any CPU
		{2F1D67C2-F231-4A2D-9EC5-97D713395D4F}.Release|x86.ActiveCfg = Release|Any CPU
		{2F1D67C2-F231-4A2D-9EC5-97D713395D4F}.Release|x86.Build.0 = Release|Any CPU
		{54F839A0-160A-4BEC-9013-B14D0E84B072}.Debug|Any CPU.ActiveCfg = Debug|Any CPU
		{54F839A0-160A-4BEC-9013-B14D0E84B072}.Debug|Any CPU.Build.0 = Debug|Any CPU
		{54F839A0-160A-4BEC-9013-B14D0E84B072}.Debug|x64.ActiveCfg = Debug|Any CPU
		{54F839A0-160A-4BEC-9013-B14D0E84B072}.Debug|x64.Build.0 = Debug|Any CPU
		{54F839A0-160A-4BEC-9013-B14D0E84B072}.Debug|x86.ActiveCfg = Debug|Any CPU
		{54F839A0-160A-4BEC-9013-B14D0E84B072}.Debug|x86.Build.0 = Debug|Any CPU
		{54F839A0-160A-4BEC-9013-B14D0E84B072}.Release|Any CPU.ActiveCfg = Release|Any CPU
		{54F839A0-160A-4BEC-9013-B14D0E84B072}.Release|Any CPU.Build.0 = Release|Any CPU
		{54F839A0-160A-4BEC-9013-B14D0E84B072}.Release|x64.ActiveCfg = Release|Any CPU
		{54F839A0-160A-4BEC-9013-B14D0E84B072}.Release|x64.Build.0 = Release|Any CPU
		{54F839A0-160A-4BEC-9013-B14D0E84B072}.Release|x86.ActiveCfg = Release|Any CPU
		{54F839A0-160A-4BEC-9013-B14D0E84B072}.Release|x86.Build.0 = Release|Any CPU
		{AF050066-0DE9-4232-99C2-09DEC5354689}.Debug|Any CPU.ActiveCfg = Debug|Any CPU
		{AF050066-0DE9-4232-99C2-09DEC5354689}.Debug|Any CPU.Build.0 = Debug|Any CPU
		{AF050066-0DE9-4232-99C2-09DEC5354689}.Debug|x64.ActiveCfg = Debug|Any CPU
		{AF050066-0DE9-4232-99C2-09DEC5354689}.Debug|x64.Build.0 = Debug|Any CPU
		{AF050066-0DE9-4232-99C2-09DEC5354689}.Debug|x86.ActiveCfg = Debug|Any CPU
		{AF050066-0DE9-4232-99C2-09DEC5354689}.Debug|x86.Build.0 = Debug|Any CPU
		{AF050066-0DE9-4232-99C2-09DEC5354689}.Release|Any CPU.ActiveCfg = Release|Any CPU
		{AF050066-0DE9-4232-99C2-09DEC5354689}.Release|Any CPU.Build.0 = Release|Any CPU
		{AF050066-0DE9-4232-99C2-09DEC5354689}.Release|x64.ActiveCfg = Release|Any CPU
		{AF050066-0DE9-4232-99C2-09DEC5354689}.Release|x64.Build.0 = Release|Any CPU
		{AF050066-0DE9-4232-99C2-09DEC5354689}.Release|x86.ActiveCfg = Release|Any CPU
		{AF050066-0DE9-4232-99C2-09DEC5354689}.Release|x86.Build.0 = Release|Any CPU
		{E3B8D9FA-8102-44F1-B354-42AC6C30C4D4}.Debug|Any CPU.ActiveCfg = Debug|Any CPU
		{E3B8D9FA-8102-44F1-B354-42AC6C30C4D4}.Debug|Any CPU.Build.0 = Debug|Any CPU
		{E3B8D9FA-8102-44F1-B354-42AC6C30C4D4}.Debug|x64.ActiveCfg = Debug|Any CPU
		{E3B8D9FA-8102-44F1-B354-42AC6C30C4D4}.Debug|x64.Build.0 = Debug|Any CPU
		{E3B8D9FA-8102-44F1-B354-42AC6C30C4D4}.Debug|x86.ActiveCfg = Debug|Any CPU
		{E3B8D9FA-8102-44F1-B354-42AC6C30C4D4}.Debug|x86.Build.0 = Debug|Any CPU
		{E3B8D9FA-8102-44F1-B354-42AC6C30C4D4}.Release|Any CPU.ActiveCfg = Release|Any CPU
		{E3B8D9FA-8102-44F1-B354-42AC6C30C4D4}.Release|Any CPU.Build.0 = Release|Any CPU
		{E3B8D9FA-8102-44F1-B354-42AC6C30C4D4}.Release|x64.ActiveCfg = Release|Any CPU
		{E3B8D9FA-8102-44F1-B354-42AC6C30C4D4}.Release|x64.Build.0 = Release|Any CPU
		{E3B8D9FA-8102-44F1-B354-42AC6C30C4D4}.Release|x86.ActiveCfg = Release|Any CPU
		{E3B8D9FA-8102-44F1-B354-42AC6C30C4D4}.Release|x86.Build.0 = Release|Any CPU
		{19E78B54-09BC-451F-AB34-540886452640}.Debug|Any CPU.ActiveCfg = Debug|Any CPU
		{19E78B54-09BC-451F-AB34-540886452640}.Debug|Any CPU.Build.0 = Debug|Any CPU
		{19E78B54-09BC-451F-AB34-540886452640}.Debug|x64.ActiveCfg = Debug|Any CPU
		{19E78B54-09BC-451F-AB34-540886452640}.Debug|x64.Build.0 = Debug|Any CPU
		{19E78B54-09BC-451F-AB34-540886452640}.Debug|x86.ActiveCfg = Debug|Any CPU
		{19E78B54-09BC-451F-AB34-540886452640}.Debug|x86.Build.0 = Debug|Any CPU
		{19E78B54-09BC-451F-AB34-540886452640}.Release|Any CPU.ActiveCfg = Release|Any CPU
		{19E78B54-09BC-451F-AB34-540886452640}.Release|Any CPU.Build.0 = Release|Any CPU
		{19E78B54-09BC-451F-AB34-540886452640}.Release|x64.ActiveCfg = Release|Any CPU
		{19E78B54-09BC-451F-AB34-540886452640}.Release|x64.Build.0 = Release|Any CPU
		{19E78B54-09BC-451F-AB34-540886452640}.Release|x86.ActiveCfg = Release|Any CPU
		{19E78B54-09BC-451F-AB34-540886452640}.Release|x86.Build.0 = Release|Any CPU
		{3F471801-5486-4695-8FC6-BA5B6FE035E6}.Debug|Any CPU.ActiveCfg = Debug|Any CPU
		{3F471801-5486-4695-8FC6-BA5B6FE035E6}.Debug|Any CPU.Build.0 = Debug|Any CPU
		{3F471801-5486-4695-8FC6-BA5B6FE035E6}.Debug|x64.ActiveCfg = Debug|Any CPU
		{3F471801-5486-4695-8FC6-BA5B6FE035E6}.Debug|x64.Build.0 = Debug|Any CPU
		{3F471801-5486-4695-8FC6-BA5B6FE035E6}.Debug|x86.ActiveCfg = Debug|Any CPU
		{3F471801-5486-4695-8FC6-BA5B6FE035E6}.Debug|x86.Build.0 = Debug|Any CPU
		{3F471801-5486-4695-8FC6-BA5B6FE035E6}.Release|Any CPU.ActiveCfg = Release|Any CPU
		{3F471801-5486-4695-8FC6-BA5B6FE035E6}.Release|Any CPU.Build.0 = Release|Any CPU
		{3F471801-5486-4695-8FC6-BA5B6FE035E6}.Release|x64.ActiveCfg = Release|Any CPU
		{3F471801-5486-4695-8FC6-BA5B6FE035E6}.Release|x64.Build.0 = Release|Any CPU
		{3F471801-5486-4695-8FC6-BA5B6FE035E6}.Release|x86.ActiveCfg = Release|Any CPU
		{3F471801-5486-4695-8FC6-BA5B6FE035E6}.Release|x86.Build.0 = Release|Any CPU
		{0BE37DDA-6F29-4C66-BC91-9BA2F72BB4A8}.Debug|Any CPU.ActiveCfg = Debug|Any CPU
		{0BE37DDA-6F29-4C66-BC91-9BA2F72BB4A8}.Debug|Any CPU.Build.0 = Debug|Any CPU
		{0BE37DDA-6F29-4C66-BC91-9BA2F72BB4A8}.Debug|x64.ActiveCfg = Debug|Any CPU
		{0BE37DDA-6F29-4C66-BC91-9BA2F72BB4A8}.Debug|x64.Build.0 = Debug|Any CPU
		{0BE37DDA-6F29-4C66-BC91-9BA2F72BB4A8}.Debug|x86.ActiveCfg = Debug|Any CPU
		{0BE37DDA-6F29-4C66-BC91-9BA2F72BB4A8}.Debug|x86.Build.0 = Debug|Any CPU
		{0BE37DDA-6F29-4C66-BC91-9BA2F72BB4A8}.Release|Any CPU.ActiveCfg = Release|Any CPU
		{0BE37DDA-6F29-4C66-BC91-9BA2F72BB4A8}.Release|Any CPU.Build.0 = Release|Any CPU
		{0BE37DDA-6F29-4C66-BC91-9BA2F72BB4A8}.Release|x64.ActiveCfg = Release|Any CPU
		{0BE37DDA-6F29-4C66-BC91-9BA2F72BB4A8}.Release|x64.Build.0 = Release|Any CPU
		{0BE37DDA-6F29-4C66-BC91-9BA2F72BB4A8}.Release|x86.ActiveCfg = Release|Any CPU
		{0BE37DDA-6F29-4C66-BC91-9BA2F72BB4A8}.Release|x86.Build.0 = Release|Any CPU
		{33A928CF-56DB-44CD-B6CE-DB7E3A3207A7}.Debug|Any CPU.ActiveCfg = Debug|Any CPU
		{33A928CF-56DB-44CD-B6CE-DB7E3A3207A7}.Debug|Any CPU.Build.0 = Debug|Any CPU
		{33A928CF-56DB-44CD-B6CE-DB7E3A3207A7}.Debug|x64.ActiveCfg = Debug|Any CPU
		{33A928CF-56DB-44CD-B6CE-DB7E3A3207A7}.Debug|x64.Build.0 = Debug|Any CPU
		{33A928CF-56DB-44CD-B6CE-DB7E3A3207A7}.Debug|x86.ActiveCfg = Debug|Any CPU
		{33A928CF-56DB-44CD-B6CE-DB7E3A3207A7}.Debug|x86.Build.0 = Debug|Any CPU
		{33A928CF-56DB-44CD-B6CE-DB7E3A3207A7}.Release|Any CPU.ActiveCfg = Release|Any CPU
		{33A928CF-56DB-44CD-B6CE-DB7E3A3207A7}.Release|Any CPU.Build.0 = Release|Any CPU
		{33A928CF-56DB-44CD-B6CE-DB7E3A3207A7}.Release|x64.ActiveCfg = Release|Any CPU
		{33A928CF-56DB-44CD-B6CE-DB7E3A3207A7}.Release|x64.Build.0 = Release|Any CPU
		{33A928CF-56DB-44CD-B6CE-DB7E3A3207A7}.Release|x86.ActiveCfg = Release|Any CPU
		{33A928CF-56DB-44CD-B6CE-DB7E3A3207A7}.Release|x86.Build.0 = Release|Any CPU
		{7D08615D-4F80-4868-89CF-07B7CA8C2B30}.Debug|Any CPU.ActiveCfg = Debug|Any CPU
		{7D08615D-4F80-4868-89CF-07B7CA8C2B30}.Debug|Any CPU.Build.0 = Debug|Any CPU
		{7D08615D-4F80-4868-89CF-07B7CA8C2B30}.Debug|x64.ActiveCfg = Debug|Any CPU
		{7D08615D-4F80-4868-89CF-07B7CA8C2B30}.Debug|x64.Build.0 = Debug|Any CPU
		{7D08615D-4F80-4868-89CF-07B7CA8C2B30}.Debug|x86.ActiveCfg = Debug|Any CPU
		{7D08615D-4F80-4868-89CF-07B7CA8C2B30}.Debug|x86.Build.0 = Debug|Any CPU
		{7D08615D-4F80-4868-89CF-07B7CA8C2B30}.Release|Any CPU.ActiveCfg = Release|Any CPU
		{7D08615D-4F80-4868-89CF-07B7CA8C2B30}.Release|Any CPU.Build.0 = Release|Any CPU
		{7D08615D-4F80-4868-89CF-07B7CA8C2B30}.Release|x64.ActiveCfg = Release|Any CPU
		{7D08615D-4F80-4868-89CF-07B7CA8C2B30}.Release|x64.Build.0 = Release|Any CPU
		{7D08615D-4F80-4868-89CF-07B7CA8C2B30}.Release|x86.ActiveCfg = Release|Any CPU
		{7D08615D-4F80-4868-89CF-07B7CA8C2B30}.Release|x86.Build.0 = Release|Any CPU
		{50B926D7-C9D4-46CA-94D2-41C32E0C003C}.Debug|Any CPU.ActiveCfg = Debug|Any CPU
		{50B926D7-C9D4-46CA-94D2-41C32E0C003C}.Debug|Any CPU.Build.0 = Debug|Any CPU
		{50B926D7-C9D4-46CA-94D2-41C32E0C003C}.Debug|x64.ActiveCfg = Debug|Any CPU
		{50B926D7-C9D4-46CA-94D2-41C32E0C003C}.Debug|x64.Build.0 = Debug|Any CPU
		{50B926D7-C9D4-46CA-94D2-41C32E0C003C}.Debug|x86.ActiveCfg = Debug|Any CPU
		{50B926D7-C9D4-46CA-94D2-41C32E0C003C}.Debug|x86.Build.0 = Debug|Any CPU
		{50B926D7-C9D4-46CA-94D2-41C32E0C003C}.Release|Any CPU.ActiveCfg = Release|Any CPU
		{50B926D7-C9D4-46CA-94D2-41C32E0C003C}.Release|Any CPU.Build.0 = Release|Any CPU
		{50B926D7-C9D4-46CA-94D2-41C32E0C003C}.Release|x64.ActiveCfg = Release|Any CPU
		{50B926D7-C9D4-46CA-94D2-41C32E0C003C}.Release|x64.Build.0 = Release|Any CPU
		{50B926D7-C9D4-46CA-94D2-41C32E0C003C}.Release|x86.ActiveCfg = Release|Any CPU
		{50B926D7-C9D4-46CA-94D2-41C32E0C003C}.Release|x86.Build.0 = Release|Any CPU
		{B4B965D5-0515-4755-B00F-7C9E603A0C15}.Debug|Any CPU.ActiveCfg = Debug|Any CPU
		{B4B965D5-0515-4755-B00F-7C9E603A0C15}.Debug|Any CPU.Build.0 = Debug|Any CPU
		{B4B965D5-0515-4755-B00F-7C9E603A0C15}.Debug|x64.ActiveCfg = Debug|Any CPU
		{B4B965D5-0515-4755-B00F-7C9E603A0C15}.Debug|x64.Build.0 = Debug|Any CPU
		{B4B965D5-0515-4755-B00F-7C9E603A0C15}.Debug|x86.ActiveCfg = Debug|Any CPU
		{B4B965D5-0515-4755-B00F-7C9E603A0C15}.Debug|x86.Build.0 = Debug|Any CPU
		{B4B965D5-0515-4755-B00F-7C9E603A0C15}.Release|Any CPU.ActiveCfg = Release|Any CPU
		{B4B965D5-0515-4755-B00F-7C9E603A0C15}.Release|Any CPU.Build.0 = Release|Any CPU
		{B4B965D5-0515-4755-B00F-7C9E603A0C15}.Release|x64.ActiveCfg = Release|Any CPU
		{B4B965D5-0515-4755-B00F-7C9E603A0C15}.Release|x64.Build.0 = Release|Any CPU
		{B4B965D5-0515-4755-B00F-7C9E603A0C15}.Release|x86.ActiveCfg = Release|Any CPU
		{B4B965D5-0515-4755-B00F-7C9E603A0C15}.Release|x86.Build.0 = Release|Any CPU
	EndGlobalSection
	GlobalSection(SolutionProperties) = preSolution
		HideSolutionNode = FALSE
	EndGlobalSection
	GlobalSection(NestedProjects) = preSolution
		{022275A9-F42C-411D-9C66-D13B557202EF} = {827E0CD3-B72D-47B6-A68D-7590B98EB39B}
		{2433992E-6C9F-4CC2-BEE3-75737D1DE0B9} = {827E0CD3-B72D-47B6-A68D-7590B98EB39B}
		{3A193A2D-4712-47AF-84E0-BDF6E5C6DD7F} = {827E0CD3-B72D-47B6-A68D-7590B98EB39B}
		{EFA0830D-E63D-4B2E-AA84-62EDDA17A1A7} = {8E1D1CCC-9289-C849-48CA-D7E099D02B6F}
		{B1F212D9-346D-4ACD-917A-488B33F0ADEA} = {8E1D1CCC-9289-C849-48CA-D7E099D02B6F}
		{744EAA87-CC83-4692-8058-2379162F9234} = {0AB3BF05-4346-4AA6-1389-037BE0695223}
		{3D402A88-9DF6-46F9-8A3F-EF3C163F6AD0} = {0AB3BF05-4346-4AA6-1389-037BE0695223}
		{A395F217-ABD9-45FE-9210-5585BAAA8021} = {8E1D1CCC-9289-C849-48CA-D7E099D02B6F}
		{A7219BA5-5007-4B4F-856C-9ED4B81F91D4} = {0AB3BF05-4346-4AA6-1389-037BE0695223}
		{EDD3BC18-E92E-40D2-B381-AAE9240A556C} = {0AB3BF05-4346-4AA6-1389-037BE0695223}
		{F2D8B2DD-1A60-4E90-B644-F4E2BBFEEB79} = {0AB3BF05-4346-4AA6-1389-037BE0695223}
		{927C845C-DD65-473A-9E88-C56EB1D40969} = {0AB3BF05-4346-4AA6-1389-037BE0695223}
		{EFFD6C13-2D45-4A9F-BF77-B6E01EA2ECBB} = {0AB3BF05-4346-4AA6-1389-037BE0695223}
		{9AE32E83-3E49-4927-85EB-41A76A05A90A} = {0AB3BF05-4346-4AA6-1389-037BE0695223}
		{53770AF4-CE75-45A5-A3EC-2617F133A1F1} = {0AB3BF05-4346-4AA6-1389-037BE0695223}
		{461B909A-A900-4B90-9E2E-048F9D2C50DC} = {0AB3BF05-4346-4AA6-1389-037BE0695223}
		{AE04CB1A-42D2-41EB-AC97-19D5A6993E86} = {0AB3BF05-4346-4AA6-1389-037BE0695223}
		{2F1D67C2-F231-4A2D-9EC5-97D713395D4F} = {8E1D1CCC-9289-C849-48CA-D7E099D02B6F}
		{54F839A0-160A-4BEC-9013-B14D0E84B072} = {8E1D1CCC-9289-C849-48CA-D7E099D02B6F}
		{AF050066-0DE9-4232-99C2-09DEC5354689} = {8E1D1CCC-9289-C849-48CA-D7E099D02B6F}
		{E3B8D9FA-8102-44F1-B354-42AC6C30C4D4} = {8E1D1CCC-9289-C849-48CA-D7E099D02B6F}
		{19E78B54-09BC-451F-AB34-540886452640} = {8E1D1CCC-9289-C849-48CA-D7E099D02B6F}
		{3F471801-5486-4695-8FC6-BA5B6FE035E6} = {0AB3BF05-4346-4AA6-1389-037BE0695223}
		{0BE37DDA-6F29-4C66-BC91-9BA2F72BB4A8} = {0AB3BF05-4346-4AA6-1389-037BE0695223}
		{33A928CF-56DB-44CD-B6CE-DB7E3A3207A7} = {0AB3BF05-4346-4AA6-1389-037BE0695223}
		{7D08615D-4F80-4868-89CF-07B7CA8C2B30} = {0AB3BF05-4346-4AA6-1389-037BE0695223}
		{50B926D7-C9D4-46CA-94D2-41C32E0C003C} = {0AB3BF05-4346-4AA6-1389-037BE0695223}
		{B4B965D5-0515-4755-B00F-7C9E603A0C15} = {8E1D1CCC-9289-C849-48CA-D7E099D02B6F}
	EndGlobalSection
EndGlobal
